#MicroXplorer Configuration settings - do not modify
ETH.IPParameters=MediaInterface
ETH.MediaInterface=ETH_MEDIA_INTERFACE_RMII
File.Version=6
KeepUserPlacement=false
Mcu.Family=STM32F4
Mcu.IP0=ETH
Mcu.IP1=NVIC
Mcu.IP2=RCC
Mcu.IP3=SPI3
Mcu.IP4=SYS
Mcu.IP5=TIM2
Mcu.IP6=TIM3
Mcu.IP7=TIM14
Mcu.IP8=USART2
Mcu.IPNb=9
Mcu.Name=STM32F407Z(E-G)Tx
Mcu.Package=LQFP144
Mcu.Pin0=PE3
Mcu.Pin1=PE4
Mcu.Pin10=PF3
Mcu.Pin100=PB4
Mcu.Pin101=PB5
Mcu.Pin102=PB6
Mcu.Pin103=PB7
Mcu.Pin104=PB8
Mcu.Pin105=PB9
Mcu.Pin106=PE0
Mcu.Pin107=PE1
Mcu.Pin108=VP_SYS_VS_Systick
Mcu.Pin109=VP_TIM2_VS_ClockSourceINT
Mcu.Pin11=PF4
Mcu.Pin110=VP_TIM2_VS_ClockSourceITR
Mcu.Pin111=VP_TIM3_VS_ClockSourceINT
Mcu.Pin112=VP_TIM3_VS_ClockSourceITR
Mcu.Pin113=VP_TIM14_VS_ClockSourceINT
Mcu.Pin12=PF5
Mcu.Pin13=PF6
Mcu.Pin14=PF7
Mcu.Pin15=PF8
Mcu.Pin16=PF9
Mcu.Pin17=PF10
Mcu.Pin18=PH0-OSC_IN
Mcu.Pin19=PH1-OSC_OUT
Mcu.Pin2=PE5
Mcu.Pin20=PC0
Mcu.Pin21=PC1
Mcu.Pin22=PA1
Mcu.Pin23=PA2
Mcu.Pin24=PA3
Mcu.Pin25=PA4
Mcu.Pin26=PA5
Mcu.Pin27=PA6
Mcu.Pin28=PA7
Mcu.Pin29=PC4
Mcu.Pin3=PE6
Mcu.Pin30=PC5
Mcu.Pin31=PB2
Mcu.Pin32=PF11
Mcu.Pin33=PF12
Mcu.Pin34=PF13
Mcu.Pin35=PF14
Mcu.Pin36=PF15
Mcu.Pin37=PG0
Mcu.Pin38=PG1
Mcu.Pin39=PE7
Mcu.Pin4=PC13-ANTI_TAMP
Mcu.Pin40=PE8
Mcu.Pin41=PE9
Mcu.Pin42=PE10
Mcu.Pin43=PE11
Mcu.Pin44=PE12
Mcu.Pin45=PE13
Mcu.Pin46=PE14
Mcu.Pin47=PE15
Mcu.Pin48=PB10
Mcu.Pin49=PB11
Mcu.Pin5=PC14-OSC32_IN
Mcu.Pin50=PB12
Mcu.Pin51=PB13
Mcu.Pin52=PB14
Mcu.Pin53=PB15
Mcu.Pin54=PD8
Mcu.Pin55=PD9
Mcu.Pin56=PD10
Mcu.Pin57=PD11
Mcu.Pin58=PD12
Mcu.Pin59=PD13
Mcu.Pin6=PC15-OSC32_OUT
Mcu.Pin60=PD14
Mcu.Pin61=PD15
Mcu.Pin62=PG2
Mcu.Pin63=PG3
Mcu.Pin64=PG4
Mcu.Pin65=PG5
Mcu.Pin66=PG6
Mcu.Pin67=PG7
Mcu.Pin68=PG8
Mcu.Pin69=PC6
Mcu.Pin7=PF0
Mcu.Pin70=PC7
Mcu.Pin71=PC8
Mcu.Pin72=PC9
Mcu.Pin73=PA8
Mcu.Pin74=PA9
Mcu.Pin75=PA10
Mcu.Pin76=PA11
Mcu.Pin77=PA12
Mcu.Pin78=PA13
Mcu.Pin79=PA14
Mcu.Pin8=PF1
Mcu.Pin80=PA15
Mcu.Pin81=PC10
Mcu.Pin82=PC11
Mcu.Pin83=PC12
Mcu.Pin84=PD0
Mcu.Pin85=PD1
Mcu.Pin86=PD2
Mcu.Pin87=PD3
Mcu.Pin88=PD4
Mcu.Pin89=PD5
Mcu.Pin9=PF2
Mcu.Pin90=PD6
Mcu.Pin91=PD7
Mcu.Pin92=PG9
Mcu.Pin93=PG10
Mcu.Pin94=PG11
Mcu.Pin95=PG12
Mcu.Pin96=PG13
Mcu.Pin97=PG14
Mcu.Pin98=PG15
Mcu.Pin99=PB3
Mcu.PinsNb=114
Mcu.ThirdPartyNb=0
Mcu.UserConstants=
Mcu.UserName=STM32F407ZGTx
MxCube.Version=5.4.0
MxDb.Version=DB.5.0.40
NVIC.BusFault_IRQn=true\:0\:0\:false\:false\:true\:false\:false
NVIC.DebugMonitor_IRQn=true\:0\:0\:false\:false\:true\:false\:false
NVIC.ETH_WKUP_IRQn=true\:0\:0\:false\:false\:true\:true\:true
NVIC.ForceEnableDMAVector=true
NVIC.HardFault_IRQn=true\:0\:0\:false\:false\:true\:false\:false
NVIC.MemoryManagement_IRQn=true\:0\:0\:false\:false\:true\:false\:false
NVIC.NonMaskableInt_IRQn=true\:0\:0\:false\:false\:true\:false\:false
NVIC.PendSV_IRQn=true\:0\:0\:false\:false\:true\:false\:false
NVIC.PriorityGroup=NVIC_PRIORITYGROUP_4
NVIC.SVCall_IRQn=true\:0\:0\:false\:false\:true\:false\:false
NVIC.SysTick_IRQn=true\:0\:0\:false\:false\:true\:false\:true
NVIC.TIM2_IRQn=true\:0\:0\:false\:false\:true\:true\:true
NVIC.TIM3_IRQn=true\:0\:0\:false\:false\:true\:true\:true
NVIC.TIM8_TRG_COM_TIM14_IRQn=true\:0\:0\:false\:false\:true\:true\:true
NVIC.USART2_IRQn=true\:0\:0\:false\:false\:true\:true\:true
NVIC.UsageFault_IRQn=true\:0\:0\:false\:false\:true\:false\:false
PA1.Locked=true
PA1.Mode=RMII
PA1.Signal=ETH_REF_CLK
PA10.GPIOParameters=GPIO_PuPd,GPIO_Label
PA10.GPIO_Label=M_ORG
PA10.GPIO_PuPd=GPIO_PULLUP
PA10.Locked=true
PA10.Signal=GPIO_Input
PA11.GPIOParameters=GPIO_Label
PA11.GPIO_Label=D_HEAD
PA11.Locked=true
PA11.Signal=GPIO_Output
PA12.GPIOParameters=GPIO_Label
PA12.GPIO_Label=T_KNOCK
PA12.Locked=true
PA12.Signal=GPIO_Output
PA13.Mode=Serial_Wire
PA13.Signal=SYS_JTMS-SWDIO
PA14.Mode=Serial_Wire
PA14.Signal=SYS_JTCK-SWCLK
PA15.GPIOParameters=GPIO_Label
PA15.GPIO_Label=SPI3_CS
PA15.Locked=true
PA15.Signal=GPIO_Output
PA2.Locked=true
PA2.Mode=RMII
PA2.Signal=ETH_MDIO
PA3.GPIOParameters=GPIO_Label
PA3.GPIO_Label=RUN
PA3.Locked=true
PA3.Signal=GPIO_Output
PA4.Locked=true
PA4.Signal=GPXTI4
PA5.GPIOParameters=GPIO_PuPd,GPIO_Label
PA5.GPIO_Label=SP_4
PA5.GPIO_PuPd=GPIO_PULLUP
PA5.Locked=true
PA5.Signal=GPIO_Input
PA6.GPIOParameters=GPIO_PuPd,GPIO_Label
PA6.GPIO_Label=SP_5
PA6.GPIO_PuPd=GPIO_PULLUP
PA6.Locked=true
PA6.Signal=GPIO_Input
PA7.Locked=true
PA7.Mode=RMII
PA7.Signal=ETH_CRS_DV
PA8.GPIOParameters=GPIO_PuPd,GPIO_Label
PA8.GPIO_Label=SP_10
PA8.GPIO_PuPd=GPIO_PULLUP
PA8.Locked=true
PA8.Signal=GPIO_Input
PA9.GPIOParameters=GPIO_PuPd,GPIO_Label
PA9.GPIO_Label=SP_9
PA9.GPIO_PuPd=GPIO_PULLUP
PA9.Locked=true
PA9.Signal=GPIO_Input
PB10.GPIOParameters=GPIO_Label
PB10.GPIO_Label=OUTP_nEN
PB10.Locked=true
PB10.Signal=GPIO_Output
PB11.Locked=true
PB11.Mode=RMII
PB11.Signal=ETH_TX_EN
PB12.Locked=true
PB12.Mode=RMII
PB12.Signal=ETH_TXD0
PB13.Locked=true
PB13.Mode=RMII
PB13.Signal=ETH_TXD1
PB14.GPIOParameters=GPIO_Speed,PinState,GPIO_Label
PB14.GPIO_Label=Y_CCW
PB14.GPIO_Speed=GPIO_SPEED_FREQ_VERY_HIGH
PB14.Locked=true
PB14.PinState=GPIO_PIN_SET
PB14.Signal=GPIO_Output
PB15.GPIOParameters=GPIO_Speed,PinState,GPIO_Label
PB15.GPIO_Label=X_CW
PB15.GPIO_Speed=GPIO_SPEED_FREQ_VERY_HIGH
PB15.Locked=true
PB15.PinState=GPIO_PIN_SET
PB15.Signal=GPIO_Output
PB2.GPIOParameters=GPIO_PuPd,GPIO_Label
PB2.GPIO_Label=BAD_MARK
PB2.GPIO_PuPd=GPIO_PULLUP
PB2.Locked=true
PB2.Signal=GPIO_Input
PB3.GPIOParameters=GPIO_Label
PB3.GPIO_Label=CW_CCW
PB3.Locked=true
PB3.Signal=GPIO_Output
PB4.GPIOParameters=GPIO_Label
PB4.GPIO_Label=STP2_nEN
PB4.Locked=true
PB4.Signal=GPIO_Output
PB5.GPIOParameters=GPIO_Label
PB5.GPIO_Label=STP2_nSLP
PB5.Locked=true
PB5.Signal=GPIO_Output
PB6.GPIOParameters=GPIO_Label
PB6.GPIO_Label=STP2_DIR
PB6.Locked=true
PB6.Signal=GPIO_Output
PB7.GPIOParameters=GPIO_Label
PB7.GPIO_Label=STP1_DIR
PB7.Locked=true
PB7.Signal=GPIO_Output
PB8.GPIOParameters=GPIO_Label
PB8.GPIO_Label=STP2_STP
PB8.Locked=true
PB8.Signal=S_TIM4_CH3
PB9.GPIOParameters=GPIO_Label
PB9.GPIO_Label=STP1_STP
PB9.Locked=true
PB9.Signal=S_TIM4_CH4
PC0.GPIOParameters=GPIO_PuPd,GPIO_Label
PC0.GPIO_Label=SP_3
PC0.GPIO_PuPd=GPIO_PULLUP
PC0.Locked=true
PC0.Signal=GPIO_Input
PC1.Locked=true
PC1.Mode=RMII
PC1.Signal=ETH_MDC
PC10.Mode=Full_Duplex_Master
PC10.Signal=SPI3_SCK
PC11.Mode=Full_Duplex_Master
PC11.Signal=SPI3_MISO
PC12.Mode=Full_Duplex_Master
PC12.Signal=SPI3_MOSI
PC13-ANTI_TAMP.GPIOParameters=GPIO_Label
PC13-ANTI_TAMP.GPIO_Label=SPOT
PC13-ANTI_TAMP.Locked=true
PC13-ANTI_TAMP.Signal=GPIO_Output
PC14-OSC32_IN.GPIOParameters=GPIO_Label
PC14-OSC32_IN.GPIO_Label=PAT_L
PC14-OSC32_IN.Locked=true
PC14-OSC32_IN.Signal=GPIO_Output
PC15-OSC32_OUT.GPIOParameters=GPIO_Label
PC15-OSC32_OUT.GPIO_Label=HEAD_0.8
PC15-OSC32_OUT.Locked=true
PC15-OSC32_OUT.Signal=GPIO_Output
PC4.Locked=true
PC4.Mode=RMII
PC4.Signal=ETH_RXD0
PC5.Locked=true
PC5.Mode=RMII
PC5.Signal=ETH_RXD1
PC6.GPIOParameters=GPIO_PuPd,GPIO_Label
PC6.GPIO_Label=VAC_SENS
PC6.GPIO_PuPd=GPIO_PULLUP
PC6.Locked=true
PC6.Signal=GPIO_Input
PC7.GPIOParameters=GPIO_PuPd,GPIO_Label
PC7.GPIO_Label=HEAD_DN
PC7.GPIO_PuPd=GPIO_PULLUP
PC7.Locked=true
PC7.Signal=GPIO_Input
PC8.GPIOParameters=GPIO_PuPd,GPIO_Label
PC8.GPIO_Label=D_END
PC8.GPIO_PuPd=GPIO_PULLUP
PC8.Locked=true
PC8.Signal=GPIO_Input
PC9.GPIOParameters=GPIO_PuPd,GPIO_Label
PC9.GPIO_Label=READY_IN
PC9.GPIO_PuPd=GPIO_PULLUP
PC9.Locked=true
PC9.Signal=GPIO_Input
PCC.Checker=false
PCC.Line=STM32F407/417
PCC.MCU=STM32F407Z(E-G)Tx
PCC.PartNumber=STM32F407ZGTx
PCC.Seq0=0
PCC.Series=STM32F4
PCC.Temperature=25
PCC.Vdd=3.3
PD0.GPIOParameters=GPIO_Label
PD0.GPIO_Label=READY_OUT
PD0.Locked=true
PD0.Signal=GPIO_Output
PD1.GPIOParameters=GPIO_Label
PD1.GPIO_Label=DSTART_
PD1.Locked=true
PD1.Signal=GPIO_Output
PD10.GPIOParameters=GPIO_PuPd,GPIO_Label
PD10.GPIO_Label=X_L2
PD10.GPIO_PuPd=GPIO_PULLUP
PD10.Locked=true
PD10.Signal=GPIO_Input
PD11.GPIOParameters=GPIO_PuPd,GPIO_Label
PD11.GPIO_Label=X_L3
PD11.GPIO_PuPd=GPIO_PULLUP
PD11.Locked=true
PD11.Signal=GPIO_Input
PD12.GPIOParameters=GPIO_PuPd,GPIO_Label
PD12.GPIO_Label=X_L4
PD12.GPIO_PuPd=GPIO_PULLUP
PD12.Locked=true
PD12.Signal=GPIO_Input
PD13.GPIOParameters=GPIO_PuPd,GPIO_Label
PD13.GPIO_Label=X_HM
PD13.GPIO_PuPd=GPIO_PULLUP
PD13.Locked=true
PD13.Signal=GPIO_Input
PD14.GPIOParameters=GPIO_PuPd,GPIO_Label
PD14.GPIO_Label=T_HEAD
PD14.GPIO_PuPd=GPIO_PULLUP
PD14.Locked=true
PD14.Signal=GPIO_Input
PD15.GPIOParameters=GPIO_PuPd,GPIO_Label
PD15.GPIO_Label=T_VAC
PD15.GPIO_PuPd=GPIO_PULLUP
PD15.Locked=true
PD15.Signal=GPIO_Input
PD2.GPIOParameters=GPIO_PuPd,GPIO_Label
PD2.GPIO_Label=VAC
PD2.GPIO_PuPd=GPIO_NOPULL
PD2.Locked=true
PD2.Signal=GPIO_Output
PD3.GPIOParameters=GPIO_Label
PD3.GPIO_Label=HEAD
PD3.Locked=true
PD3.Signal=GPIO_Output
PD4.GPIOParameters=GPIO_Label
PD4.GPIO_Label=ROT
PD4.Locked=true
PD4.Signal=GPIO_Output
PD5.Mode=Asynchronous
PD5.Signal=USART2_TX
PD6.Mode=Asynchronous
PD6.Signal=USART2_RX
PD7.GPIOParameters=GPIO_Label
PD7.GPIO_Label=CENTERING
PD7.Locked=true
PD7.Signal=GPIO_Output
PD8.GPIOParameters=GPIO_Speed,PinState,GPIO_Label
PD8.GPIO_Label=X_CCW
PD8.GPIO_Speed=GPIO_SPEED_FREQ_VERY_HIGH
PD8.Locked=true
PD8.PinState=GPIO_PIN_SET
PD8.Signal=GPIO_Output
PD9.GPIOParameters=GPIO_PuPd,GPIO_Label
PD9.GPIO_Label=X_L1
PD9.GPIO_PuPd=GPIO_PULLUP
PD9.Locked=true
PD9.Signal=GPIO_Input
PE0.GPIOParameters=GPIO_Label
PE0.GPIO_Label=STP1_nEN
PE0.Locked=true
PE0.Signal=GPIO_Output
PE1.GPIOParameters=GPIO_Label
PE1.GPIO_Label=STP1_nSLP
PE1.Locked=true
PE1.Signal=GPIO_Output
PE10.GPIOParameters=GPIO_PuPd,GPIO_Label
PE10.GPIO_Label=Y_HM
PE10.GPIO_PuPd=GPIO_PULLUP
PE10.Locked=true
PE10.Signal=GPIO_Input
PE11.GPIOParameters=GPIO_PuPd,GPIO_Label
PE11.GPIO_Label=Y_L4
PE11.GPIO_PuPd=GPIO_PULLUP
PE11.Locked=true
PE11.Signal=GPIO_Input
PE12.GPIOParameters=GPIO_PuPd,GPIO_Label
PE12.GPIO_Label=Y_L3
PE12.GPIO_PuPd=GPIO_PULLUP
PE12.Locked=true
PE12.Signal=GPIO_Input
PE13.GPIOParameters=GPIO_PuPd,GPIO_Label
PE13.GPIO_Label=Y_L2
PE13.GPIO_PuPd=GPIO_PULLUP
PE13.Locked=true
PE13.Signal=GPIO_Input
PE14.GPIOParameters=GPIO_PuPd,GPIO_Label
PE14.GPIO_Label=Y_L1
PE14.GPIO_PuPd=GPIO_PULLUP
PE14.Locked=true
PE14.Signal=GPIO_Input
PE15.GPIOParameters=GPIO_Speed,PinState,GPIO_Label
PE15.GPIO_Label=Y_CW
PE15.GPIO_Speed=GPIO_SPEED_FREQ_VERY_HIGH
PE15.Locked=true
PE15.PinState=GPIO_PIN_SET
PE15.Signal=GPIO_Output
PE3.GPIOParameters=GPIO_Label
PE3.GPIO_Label=DATA_2
PE3.Locked=true
PE3.Signal=GPIO_Output
PE4.GPIOParameters=GPIO_Label
PE4.GPIO_Label=DATA_1
PE4.Locked=true
PE4.Signal=GPIO_Output
PE5.GPIOParameters=GPIO_Label
PE5.GPIO_Label=STROBE
PE5.Locked=true
PE5.Signal=GPIO_Output
PE6.GPIOParameters=GPIO_Label
PE6.GPIO_Label=DATA_4
PE6.Locked=true
PE6.Signal=GPIO_Output
PE7.GPIOParameters=GPIO_PuPd,GPIO_Label
PE7.GPIO_Label=CCW_SW
PE7.GPIO_PuPd=GPIO_PULLUP
PE7.Locked=true
PE7.Signal=GPIO_Input
PE8.GPIOParameters=GPIO_PuPd,GPIO_Label
PE8.GPIO_Label=CW_SW
PE8.GPIO_PuPd=GPIO_PULLUP
PE8.Locked=true
PE8.Signal=GPIO_Input
PE9.GPIOParameters=GPIO_PuPd,GPIO_Label
PE9.GPIO_Label=M_CENTER
PE9.GPIO_PuPd=GPIO_PULLUP
PE9.Locked=true
PE9.Signal=GPIO_Input
PF0.GPIOParameters=GPIO_Label
PF0.GPIO_Label=VAC_08
PF0.Locked=true
PF0.Signal=GPIO_Output
PF1.GPIOParameters=GPIO_Label
PF1.GPIO_Label=STOPPER
PF1.Locked=true
PF1.Signal=GPIO_Output
PF10.GPIOParameters=GPIO_PuPd,GPIO_Label
PF10.GPIO_Label=SP_2
PF10.GPIO_PuPd=GPIO_PULLUP
PF10.Locked=true
PF10.Signal=GPIO_Input
PF11.GPIOParameters=GPIO_PuPd,GPIO_Label
PF11.GPIO_Label=SP_6
PF11.GPIO_PuPd=GPIO_PULLUP
PF11.Locked=true
PF11.Signal=GPIO_Input
PF12.GPIOParameters=GPIO_PuPd,GPIO_Label
PF12.GPIO_Label=SP_7
PF12.GPIO_PuPd=GPIO_PULLUP
PF12.Locked=true
PF12.Signal=GPIO_Input
PF13.GPIOParameters=GPIO_PuPd,GPIO_Label
PF13.GPIO_Label=SP_8
PF13.GPIO_PuPd=GPIO_PULLUP
PF13.Locked=true
PF13.Signal=GPIO_Input
PF14.GPIOParameters=GPIO_PuPd,GPIO_Label
PF14.GPIO_Label=PIN_UP
PF14.GPIO_PuPd=GPIO_PULLUP
PF14.Locked=true
PF14.Signal=GPIO_Input
PF15.GPIOParameters=GPIO_PuPd,GPIO_Label
PF15.GPIO_Label=PCB_OUT
PF15.GPIO_PuPd=GPIO_PULLUP
PF15.Locked=true
PF15.Signal=GPIO_Input
PF2.GPIOParameters=GPIO_Label
PF2.GPIO_Label=CVY_M
PF2.Locked=true
PF2.Signal=GPIO_Output
PF3.GPIOParameters=GPIO_Label
PF3.GPIO_Label=SUPPORTER
PF3.Locked=true
PF3.Signal=GPIO_Output
PF4.GPIOParameters=GPIO_Label
PF4.GPIO_Label=LOCATOR
PF4.Locked=true
PF4.Signal=GPIO_Output
PF5.GPIOParameters=GPIO_Label
PF5.GPIO_Label=SP_A
PF5.Locked=true
PF5.Signal=GPIO_Output
PF6.GPIOParameters=GPIO_Label
PF6.GPIO_Label=SP_B
PF6.Locked=true
PF6.Signal=GPIO_Output
PF7.GPIOParameters=GPIO_Label
PF7.GPIO_Label=SP_C
PF7.Locked=true
PF7.Signal=GPIO_Output
PF8.GPIOParameters=GPIO_Label
PF8.GPIO_Label=SP_D
PF8.Locked=true
PF8.Signal=GPIO_Output
PF9.GPIOParameters=GPIO_PuPd,GPIO_Label
PF9.GPIO_Label=SP_1
PF9.GPIO_PuPd=GPIO_PULLUP
PF9.Locked=true
PF9.Signal=GPIO_Input
PG0.GPIOParameters=GPIO_PuPd,GPIO_Label
PG0.GPIO_Label=PCB_IN
PG0.GPIO_PuPd=GPIO_PULLUP
PG0.Locked=true
PG0.Signal=GPIO_Input
PG1.GPIOParameters=GPIO_PuPd,GPIO_Label
PG1.GPIO_Label=PCB_DET
PG1.GPIO_PuPd=GPIO_PULLUP
PG1.Locked=true
PG1.Signal=GPIO_Input
PG10.GPIOParameters=GPIO_Label
PG10.GPIO_Label=SP_F
PG10.Locked=true
PG10.Signal=GPIO_Output
PG11.GPIOParameters=GPIO_Label
PG11.GPIO_Label=SP_E
PG11.Locked=true
PG11.Signal=GPIO_Output
PG12.GPIOParameters=GPIO_Label
PG12.GPIO_Label=SENSORDRV
PG12.Locked=true
PG12.Signal=GPIO_Output
PG13.GPIOParameters=GPIO_Label
PG13.GPIO_Label=V_CNG
PG13.Locked=true
PG13.Signal=GPIO_Output
PG14.GPIOParameters=GPIO_Label
PG14.GPIO_Label=A_CENT
PG14.Locked=true
PG14.Signal=GPIO_Output
PG15.GPIOParameters=GPIO_Label
PG15.GPIO_Label=PULSE
PG15.Locked=true
PG15.Signal=GPIO_Output
PG2.GPIOParameters=GPIO_PuPd,GPIO_Label
PG2.GPIO_Label=TEACH
PG2.GPIO_PuPd=GPIO_PULLUP
PG2.Locked=true
PG2.Signal=GPIO_Input
PG3.GPIOParameters=GPIO_PuPd,GPIO_Label
PG3.GPIO_Label=FAST
PG3.GPIO_PuPd=GPIO_PULLUP
PG3.Locked=true
PG3.Signal=GPIO_Input
PG4.GPIOParameters=GPIO_PuPd,GPIO_Label
PG4.GPIO_Label=Y_MINUS
PG4.GPIO_PuPd=GPIO_PULLUP
PG4.Locked=true
PG4.Signal=GPIO_Input
PG5.GPIOParameters=GPIO_PuPd,GPIO_Label
PG5.GPIO_Label=Y_PLUS
PG5.GPIO_PuPd=GPIO_PULLUP
PG5.Locked=true
PG5.Signal=GPIO_Input
PG6.GPIOParameters=GPIO_PuPd,GPIO_Label
PG6.GPIO_Label=X_MINUS
PG6.GPIO_PuPd=GPIO_PULLUP
PG6.Locked=true
PG6.Signal=GPIO_Input
PG7.GPIOParameters=GPIO_PuPd,GPIO_Label
PG7.GPIO_Label=X_PLUS
PG7.GPIO_PuPd=GPIO_PULLUP
PG7.Locked=true
PG7.Signal=GPIO_Input
PG8.GPIOParameters=GPIO_PuPd,GPIO_Label
PG8.GPIO_Label=DEG_90
PG8.GPIO_PuPd=GPIO_PULLUP
PG8.Locked=true
PG8.Signal=GPIO_Input
PG9.GPIOParameters=GPIO_Label
PG9.GPIO_Label=SP_G
PG9.Locked=true
PG9.Signal=GPIO_Output
PH0-OSC_IN.Locked=true
PH0-OSC_IN.Mode=HSE-External-Oscillator
PH0-OSC_IN.Signal=RCC_OSC_IN
PH1-OSC_OUT.Locked=true
PH1-OSC_OUT.Mode=HSE-External-Oscillator
PH1-OSC_OUT.Signal=RCC_OSC_OUT
PinOutPanel.RotationAngle=0
ProjectManager.AskForMigrate=true
ProjectManager.BackupPrevious=false
ProjectManager.CompilerOptimize=6
ProjectManager.ComputerToolchain=false
ProjectManager.CoupleFile=false
ProjectManager.CustomerFirmwarePackage=
ProjectManager.DefaultFWLocation=true
ProjectManager.DeletePrevious=true
ProjectManager.DeviceId=STM32F407ZGTx
ProjectManager.FirmwarePackage=STM32Cube FW_F4 V1.24.2
ProjectManager.FreePins=false
ProjectManager.HalAssertFull=false
ProjectManager.HeapSize=0x200
ProjectManager.KeepUserCode=true
ProjectManager.LastFirmware=true
ProjectManager.LibraryCopy=1
ProjectManager.MainLocation=Src
ProjectManager.NoMain=false
ProjectManager.PreviousToolchain=TrueSTUDIO
ProjectManager.ProjectBuild=false
ProjectManager.ProjectFileName=grbl-stm32f4.ioc
ProjectManager.ProjectName=grbl-stm32f4
ProjectManager.StackSize=0x400
ProjectManager.TargetToolchain=STM32CubeIDE
ProjectManager.ToolChainLocation=
ProjectManager.UnderRoot=true
ProjectManager.functionlistsort=1-MX_GPIO_Init-GPIO-false-HAL-true,2-SystemClock_Config-RCC-false-HAL-false,3-MX_ETH_Init-ETH-false-HAL-true,4-MX_SPI3_Init-SPI3-false-HAL-true,5-MX_USART2_UART_Init-USART2-false-HAL-true,6-MX_TIM2_Init-TIM2-false-HAL-true,7-MX_TIM3_Init-TIM3-false-HAL-true,8-MX_TIM14_Init-TIM14-false-HAL-true
RCC.48MHZClocksFreq_Value=80000000
RCC.AHBFreq_Value=160000000
RCC.APB1CLKDivider=RCC_HCLK_DIV4
RCC.APB1Freq_Value=40000000
RCC.APB1TimFreq_Value=80000000
RCC.APB2CLKDivider=RCC_HCLK_DIV2
RCC.APB2Freq_Value=80000000
RCC.APB2TimFreq_Value=160000000
RCC.CortexFreq_Value=160000000
RCC.EthernetFreq_Value=160000000
RCC.FCLKCortexFreq_Value=160000000
RCC.FamilyName=M
RCC.HCLKFreq_Value=160000000
RCC.HSE_VALUE=25000000
RCC.HSI_VALUE=16000000
RCC.I2SClocksFreq_Value=160000000
RCC.IPParameters=48MHZClocksFreq_Value,AHBFreq_Value,APB1CLKDivider,APB1Freq_Value,APB1TimFreq_Value,APB2CLKDivider,APB2Freq_Value,APB2TimFreq_Value,CortexFreq_Value,EthernetFreq_Value,FCLKCortexFreq_Value,FamilyName,HCLKFreq_Value,HSE_VALUE,HSI_VALUE,I2SClocksFreq_Value,LSE_VALUE,LSI_VALUE,MCO2PinFreq_Value,PLLCLKFreq_Value,PLLM,PLLQCLKFreq_Value,PLLSourceVirtual,RTCFreq_Value,RTCHSEDivFreq_Value,SYSCLKFreq_VALUE,SYSCLKSource,VCOI2SOutputFreq_Value,VCOInputFreq_Value,VCOOutputFreq_Value,VcooutputI2S
RCC.LSE_VALUE=32768
RCC.LSI_VALUE=32000
RCC.MCO2PinFreq_Value=160000000
RCC.PLLCLKFreq_Value=160000000
RCC.PLLM=15
RCC.PLLQCLKFreq_Value=80000000
RCC.PLLSourceVirtual=RCC_PLLSOURCE_HSE
RCC.RTCFreq_Value=32000
RCC.RTCHSEDivFreq_Value=12500000
RCC.SYSCLKFreq_VALUE=160000000
RCC.SYSCLKSource=RCC_SYSCLKSOURCE_PLLCLK
RCC.VCOI2SOutputFreq_Value=320000000
RCC.VCOInputFreq_Value=1666666.6666666667
RCC.VCOOutputFreq_Value=320000000
RCC.VcooutputI2S=160000000
SH.GPXTI4.0=GPIO_EXTI4
SH.GPXTI4.ConfNb=1
SH.S_TIM4_CH3.0=TIM4_CH3
SH.S_TIM4_CH3.ConfNb=1
SH.S_TIM4_CH4.0=TIM4_CH4
SH.S_TIM4_CH4.ConfNb=1
SPI3.BaudRatePrescaler=SPI_BAUDRATEPRESCALER_2
SPI3.CalculateBaudRate=20.0 MBits/s
SPI3.Direction=SPI_DIRECTION_2LINES
SPI3.IPParameters=VirtualType,Mode,Direction,CalculateBaudRate,BaudRatePrescaler
SPI3.Mode=SPI_MODE_MASTER
SPI3.VirtualType=VM_MASTER
TIM14.AutoReloadPreload=TIM_AUTORELOAD_PRELOAD_ENABLE
TIM14.ClockDivision=TIM_CLOCKDIVISION_DIV1
TIM14.IPParameters=Period,ClockDivision,AutoReloadPreload,Prescaler
TIM14.Period=1000
TIM14.Prescaler=100
TIM2.ClockDivision=TIM_CLOCKDIVISION_DIV1
TIM2.IPParameters=Period,ClockDivision
TIM2.Period=1000
TIM3.AutoReloadPreload=TIM_AUTORELOAD_PRELOAD_DISABLE
TIM3.ClockDivision=TIM_CLOCKDIVISION_DIV1
TIM3.IPParameters=Period,ClockDivision,AutoReloadPreload
TIM3.Period=0
USART2.IPParameters=VirtualMode
USART2.VirtualMode=VM_ASYNC
VP_SYS_VS_Systick.Mode=SysTick
VP_SYS_VS_Systick.Signal=SYS_VS_Systick
VP_TIM14_VS_ClockSourceINT.Mode=Enable_Timer
VP_TIM14_VS_ClockSourceINT.Signal=TIM14_VS_ClockSourceINT
VP_TIM2_VS_ClockSourceINT.Mode=Internal
VP_TIM2_VS_ClockSourceINT.Signal=TIM2_VS_ClockSourceINT
VP_TIM2_VS_ClockSourceITR.Mode=TriggerSource_ITR0
VP_TIM2_VS_ClockSourceITR.Signal=TIM2_VS_ClockSourceITR
VP_TIM3_VS_ClockSourceINT.Mode=Internal
VP_TIM3_VS_ClockSourceINT.Signal=TIM3_VS_ClockSourceINT
VP_TIM3_VS_ClockSourceITR.Mode=TriggerSource_ITR0
VP_TIM3_VS_ClockSourceITR.Signal=TIM3_VS_ClockSourceITR
board=custom
isbadioc=false
